// !$*UTF8*$!
{
	archiveVersion = 1;
	classes = {
	};
	objectVersion = 48;
	objects = {

/* Begin PBXBuildFile section */
		49E1596F1F8D3C17001B8631 /* AppDelegate.swift in Sources */ = {isa = PBXBuildFile; fileRef = 49E1596E1F8D3C17001B8631 /* AppDelegate.swift */; };
		49E159711F8D3C17001B8631 /* ViewController.swift in Sources */ = {isa = PBXBuildFile; fileRef = 49E159701F8D3C17001B8631 /* ViewController.swift */; };
		49E159741F8D3C17001B8631 /* Main.storyboard in Resources */ = {isa = PBXBuildFile; fileRef = 49E159721F8D3C17001B8631 /* Main.storyboard */; };
		49E159761F8D3C17001B8631 /* Assets.xcassets in Resources */ = {isa = PBXBuildFile; fileRef = 49E159751F8D3C17001B8631 /* Assets.xcassets */; };
		49E159791F8D3C17001B8631 /* LaunchScreen.storyboard in Resources */ = {isa = PBXBuildFile; fileRef = 49E159771F8D3C17001B8631 /* LaunchScreen.storyboard */; };
/* End PBXBuildFile section */

/* Begin PBXFileReference section */
		49E1596B1F8D3C17001B8631 /* GITControl.app */ = {isa = PBXFileReference; explicitFileType = wrapper.application; includeInIndex = 0; path = GITControl.app; sourceTree = BUILT_PRODUCTS_DIR; };
		49E1596E1F8D3C17001B8631 /* AppDelegate.swift */ = {isa = PBXFileReference; lastKnownFileType = sourcecode.swift; path = AppDelegate.swift; sourceTree = "<group>"; };
		49E159701F8D3C17001B8631 /* ViewController.swift */ = {isa = PBXFileReference; lastKnownFileType = sourcecode.swift; path = ViewController.swift; sourceTree = "<group>"; };
		49E159731F8D3C17001B8631 /* Base */ = {isa = PBXFileReference; lastKnownFileType = file.storyboard; name = Base; path = Base.lproj/Main.storyboard; sourceTree = "<group>"; };
		49E159751F8D3C17001B8631 /* Assets.xcassets */ = {isa = PBXFileReference; lastKnownFileType = folder.assetcatalog; path = Assets.xcassets; sourceTree = "<group>"; };
		49E159781F8D3C17001B8631 /* Base */ = {isa = PBXFileReference; lastKnownFileType = file.storyboard; name = Base; path = Base.lproj/LaunchScreen.storyboard; sourceTree = "<group>"; };
		49E1597A1F8D3C17001B8631 /* Info.plist */ = {isa = PBXFileReference; lastKnownFileType = text.plist.xml; path = Info.plist; sourceTree = "<group>"; };
/* End PBXFileReference section */

/* Begin PBXFrameworksBuildPhase section */
		49E159681F8D3C17001B8631 /* Frameworks */ = {
			isa = PBXFrameworksBuildPhase;
			buildActionMask = 2147483647;
			files = (
			);
			runOnlyForDeploymentPostprocessing = 0;
		};
/* End PBXFrameworksBuildPhase section */

/* Begin PBXGroup section */
		49E159621F8D3C17001B8631 = {
			isa = PBXGroup;
			children = (
				49E1596D1F8D3C17001B8631 /* GITControl */,
				49E1596C1F8D3C17001B8631 /* Products */,
			);
			sourceTree = "<group>";
		};
		49E1596C1F8D3C17001B8631 /* Products */ = {
			isa = PBXGroup;
			children = (
				49E1596B1F8D3C17001B8631 /* GITControl.app */,
			);
			name = Products;
			sourceTree = "<group>";
		};
		49E1596D1F8D3C17001B8631 /* GITControl */ = {
			isa = PBXGroup;
			children = (
				49E1596E1F8D3C17001B8631 /* AppDelegate.swift */,
				49E159701F8D3C17001B8631 /* ViewController.swift */,
				49E159721F8D3C17001B8631 /* Main.storyboard */,
				49E159751F8D3C17001B8631 /* Assets.xcassets */,
				49E159771F8D3C17001B8631 /* LaunchScreen.storyboard */,
				49E1597A1F8D3C17001B8631 /* Info.plist */,
			);
			path = GITControl;
			sourceTree = "<group>";
		};
/* End PBXGroup section */

/* Begin PBXNativeTarget section */
		49E1596A1F8D3C17001B8631 /* GITControl */ = {
			isa = PBXNativeTarget;
			buildConfigurationList = 49E1597D1F8D3C17001B8631 /* Build configuration list for PBXNativeTarget "GITControl" */;
			buildPhases = (
				49E159671F8D3C17001B8631 /* Sources */,
				49E159681F8D3C17001B8631 /* Frameworks */,
				49E159691F8D3C17001B8631 /* Resources */,
			);
			buildRules = (
			);
			dependencies = (
			);
			name = GITControl;
			productName = GITControl;
			productReference = 49E1596B1F8D3C17001B8631 /* GITControl.app */;
			productType = "com.apple.product-type.application";
		};
/* End PBXNativeTarget section */

/* Begin PBXProject section */
		49E159631F8D3C17001B8631 /* Project object */ = {
			isa = PBXProject;
			attributes = {
				LastSwiftUpdateCheck = 0900;
				LastUpgradeCheck = 0900;
				ORGANIZATIONNAME = "Dmitriy Zhuk";
				TargetAttributes = {
					49E1596A1F8D3C17001B8631 = {
						CreatedOnToolsVersion = 9.0;
						ProvisioningStyle = Automatic;
					};
				};
			};
			buildConfigurationList = 49E159661F8D3C17001B8631 /* Build configuration list for PBXProject "GITControl" */;
			compatibilityVersion = "Xcode 8.0";
			developmentRegion = en;
			hasScannedForEncodings = 0;
			knownRegions = (
				en,
				Base,
			);
			mainGroup = 49E159621F8D3C17001B8631;
			productRefGroup = 49E1596C1F8D3C17001B8631 /* Products */;
			projectDirPath = "";
			projectRoot = "";
			targets = (
				49E1596A1F8D3C17001B8631 /* GITControl */,
			);
		};
/* End PBXProject section */

/* Begin PBXResourcesBuildPhase section */
		49E159691F8D3C17001B8631 /* Resources */ = {
			isa = PBXResourcesBuildPhase;
			buildActionMask = 2147483647;
			files = (
				49E159791F8D3C17001B8631 /* LaunchScreen.storyboard in Resources */,
				49E159761F8D3C17001B8631 /* Assets.xcassets in Resources */,
				49E159741F8D3C17001B8631 /* Main.storyboard in Resources */,
			);
			runOnlyForDeploymentPostprocessing = 0;
		};
/* End PBXResourcesBuildPhase section */

/* Begin PBXSourcesBuildPhase section */
		49E159671F8D3C17001B8631 /* Sources */ = {
			isa = PBXSourcesBuildPhase;
			buildActionMask = 2147483647;
			files = (
				49E159711F8D3C17001B8631 /* ViewController.swift in Sources */,
				49E1596F1F8D3C17001B8631 /* AppDelegate.swift in Sources */,
			);
			runOnlyForDeploymentPostprocessing = 0;
		};
/* End PBXSourcesBuildPhase section */

/* Begin PBXVariantGroup section */
		49E159721F8D3C17001B8631 /* Main.storyboard */ = {
			isa = PBXVariantGroup;
			children = (
				49E159731F8D3C17001B8631 /* Base */,
			);
			name = Main.storyboard;
			sourceTree = "<group>";
		};
		49E159771F8D3C17001B8631 /* LaunchScreen.storyboard */ = {
			isa = PBXVariantGroup;
			children = (
				49E159781F8D3C17001B8631 /* Base */,
			);
			name = LaunchScreen.storyboard;
			sourceTree = "<group>";
		};
/* End PBXVariantGroup section */

/* Begin XCBuildConfiguration section */
		49E1597B1F8D3C17001B8631 /* Debug */ = {
			isa = XCBuildConfiguration;
			buildSettings = {
				ALWAYS_SEARCH_USER_PATHS = NO;
				CLANG_ANALYZER_NONNULL = YES;
				CLANG_ANALYZER_NUMBER_OBJECT_CONVERSION = YES_AGGRESSIVE;
				CLANG_CXX_LANGUAGE_STANDARD = "gnu++14";
				CLANG_CXX_LIBRARY = "libc++";
				CLANG_ENABLE_MODULES = YES;
				CLANG_ENABLE_OBJC_ARC = YES;
				CLANG_WARN_BLOCK_CAPTURE_AUTORELEASING = YES;
				CLANG_WARN_BOOL_CONVERSION = YES;
				CLANG_WARN_COMMA = YES;
				CLANG_WARN_CONSTANT_CONVERSION = YES;
				CLANG_WARN_DIRECT_OBJC_ISA_USAGE = YES_ERROR;
				CLANG_WARN_DOCUMENTATION_COMMENTS = YES;
				CLANG_WARN_EMPTY_BODY = YES;
				CLANG_WARN_ENUM_CONVERSION = YES;
				CLANG_WARN_INFINITE_RECURSION = YES;
				CLANG_WARN_INT_CONVERSION = YES;
				CLANG_WARN_NON_LITERAL_NULL_CONVERSION = YES;
				CLANG_WARN_OBJC_LITERAL_CONVERSION = YES;
				CLANG_WARN_OBJC_ROOT_CLASS = YES_ERROR;
				CLANG_WARN_RANGE_LOOP_ANALYSIS = YES;
				CLANG_WARN_STRICT_PROTOTYPES = YES;
				CLANG_WARN_SUSPICIOUS_MOVE = YES;
				CLANG_WARN_UNGUARDED_AVAILABILITY = YES_AGGRESSIVE;
				CLANG_WARN_UNREACHABLE_CODE = YES;
				CLANG_WARN__DUPLICATE_METHOD_MATCH = YES;
				CODE_SIGN_IDENTITY = "iPhone Developer";
				COPY_PHASE_STRIP = NO;
				DEBUG_INFORMATION_FORMAT = dwarf;
				ENABLE_STRICT_OBJC_MSGSEND = YES;
				ENABLE_TESTABILITY = YES;
				GCC_C_LANGUAGE_STANDARD = gnu11;
				GCC_DYNAMIC_NO_PIC = NO;
				GCC_NO_COMMON_BLOCKS = YES;
				GCC_OPTIMIZATION_LEVEL = 0;
				GCC_PREPROCESSOR_DEFINITIONS = (
					"DEBUG=1",
					"$(inherited)",
				);
				GCC_WARN_64_TO_32_BIT_CONVERSION = YES;
				GCC_WARN_ABOUT_RETURN_TYPE = YES_ERROR;
				GCC_WARN_UNDECLARED_SELECTOR = YES;
				GCC_WARN_UNINITIALIZED_AUTOS = YES_AGGRESSIVE;
				GCC_WARN_UNUSED_FUNCTION = YES;
				GCC_WARN_UNUSED_VARIABLE = YES;
				IPHONEOS_DEPLOYMENT_TARGET = 11.0;
				MTL_ENABLE_DEBUG_INFO = YES;
				ONLY_ACTIVE_ARCH = YES;
				SDKROOT = iphoneos;
				SWIFT_ACTIVE_COMPILATION_CONDITIONS = DEBUG;
				SWIFT_OPTIMIZATION_LEVEL = "-Onone";
			};
			name = Debug;
		};
		49E1597C1F8D3C17001B8631 /* Release */ = {
			isa = XCBuildConfiguration;
			buildSettings = {
				ALWAYS_SEARCH_USER_PATHS = NO;
				CLANG_ANALYZER_NONNULL = YES;
				CLANG_ANALYZER_NUMBER_OBJECT_CONVERSION = YES_AGGRESSIVE;
				CLANG_CXX_LANGUAGE_STANDARD = "gnu++14";
				CLANG_CXX_LIBRARY = "libc++";
				CLANG_ENABLE_MODULES = YES;
				CLANG_ENABLE_OBJC_ARC = YES;
				CLANG_WARN_BLOCK_CAPTURE_AUTORELEASING = YES;
				CLANG_WARN_BOOL_CONVERSION = YES;
				CLANG_WARN_COMMA = YES;
				CLANG_WARN_CONSTANT_CONVERSION = YES;
				CLANG_WARN_DIRECT_OBJC_ISA_USAGE = YES_ERROR;
				CLANG_WARN_DOCUMENTATION_COMMENTS = YES;
				CLANG_WARN_EMPTY_BODY = YES;
				CLANG_WARN_ENUM_CONVERSION = YES;
				CLANG_WARN_INFINITE_RECURSION = YES;
				CLANG_WARN_INT_CONVERSION = YES;
				CLANG_WARN_NON_LITERAL_NULL_CONVERSION = YES;
				CLANG_WARN_OBJC_LITERAL_CONVERSION = YES;
				CLANG_WARN_OBJC_ROOT_CLASS = YES_ERROR;
				CLANG_WARN_RANGE_LOOP_ANALYSIS = YES;
				CLANG_WARN_STRICT_PROTOTYPES = YES;
				CLANG_WARN_SUSPICIOUS_MOVE = YES;
				CLANG_WARN_UNGUARDED_AVAILABILITY = YES_AGGRESSIVE;
				CLANG_WARN_UNREACHABLE_CODE = YES;
				CLANG_WARN__DUPLICATE_METHOD_MATCH = YES;
				CODE_SIGN_IDENTITY = "iPhone Developer";
				COPY_PHASE_STRIP = NO;
				DEBUG_INFORMATION_FORMAT = "dwarf-with-dsym";
				ENABLE_NS_ASSERTIONS = NO;
				ENABLE_STRICT_OBJC_MSGSEND = YES;
				GCC_C_LANGUAGE_STANDARD = gnu11;
				GCC_NO_COMMON_BLOCKS = YES;
				GCC_WARN_64_TO_32_BIT_CONVERSION = YES;
				GCC_WARN_ABOUT_RETURN_TYPE = YES_ERROR;
				GCC_WARN_UNDECLARED_SELECTOR = YES;
				GCC_WARN_UNINITIALIZED_AUTOS = YES_AGGRESSIVE;
				GCC_WARN_UNUSED_FUNCTION = YES;
				GCC_WARN_UNUSED_VARIABLE = YES;
				IPHONEOS_DEPLOYMENT_TARGET = 11.0;
				MTL_ENABLE_DEBUG_INFO = NO;
				SDKROOT = iphoneos;
				SWIFT_OPTIMIZATION_LEVEL = "-Owholemodule";
				VALIDATE_PRODUCT = YES;
			};
			name = Release;
		};
		49E1597E1F8D3C17001B8631 /* Debug */ = {
			isa = XCBuildConfiguration;
			buildSettings = {
				ASSETCATALOG_COMPILER_APPICON_NAME = AppIcon;
				CODE_SIGN_STYLE = Automatic;
				DEVELOPMENT_TEAM = WY75PMZ99D;
				INFOPLIST_FILE = GITControl/Info.plist;
				LD_RUNPATH_SEARCH_PATHS = "$(inherited) @executable_path/Frameworks";
				PRODUCT_BUNDLE_IDENTIFIER = com.dmitriyzhuk.GITControl;
				PRODUCT_NAME = "$(TARGET_NAME)";
				SWIFT_VERSION = 4.0;
				TARGETED_DEVICE_FAMILY = "1,2";
			};
			name = Debug;
		};
		49E1597F1F8D3C17001B8631 /* Release */ = {
			isa = XCBuildConfiguration;
			buildSettings = {
				ASSETCATALOG_COMPILER_APPICON_NAME = AppIcon;
				CODE_SIGN_STYLE = Automatic;
				DEVELOPMENT_TEAM = WY75PMZ99D;
				INFOPLIST_FILE = GITControl/Info.plist;
				LD_RUNPATH_SEARCH_PATHS = "$(inherited) @executable_path/Frameworks";
				PRODUCT_BUNDLE_IDENTIFIER = com.dmitriyzhuk.GITControl;
				PRODUCT_NAME = "$(TARGET_NAME)";
				SWIFT_VERSION = 4.0;
				TARGETED_DEVICE_FAMILY = "1,2";
			};
			name = Release;
		};
/* End XCBuildConfiguration section */

/* Begin XCConfigurationList section */
		49E159661F8D3C17001B8631 /* Build configuration list for PBXProject "GITControl" */ = {
			isa = XCConfigurationList;
			buildConfigurations = (
				49E1597B1F8D3C17001B8631 /* Debug */,
				49E1597C1F8D3C17001B8631 /* Release */,
			);
			defaultConfigurationIsVisible = 0;
			defaultConfigurationName = Release;
		};
		49E1597D1F8D3C17001B8631 /* Build configuration list for PBXNativeTarget "GITControl" */ = {
			isa = XCConfigurationList;
			buildConfigurations = (
				49E1597E1F8D3C17001B8631 /* Debug */,
				49E1597F1F8D3C17001B8631 /* Release */,
			);
			defaultConfigurationIsVisible = 0;
			defaultConfigurationName = Release;
		};
/* End XCConfigurationList section */
	};
	rootObject = 49E159631F8D3C17001B8631 /* Project object */;
}
